// !$*UTF8*$!
{
	archiveVersion = 1;
	classes = {
	};
	objectVersion = 55;
	objects = {

/* Begin PBXBuildFile section */
		03CA25607D1D4D8A5CAC7700 /* Pods_Weather_app.framework in Frameworks */ = {isa = PBXBuildFile; fileRef = C2BB1B131CF87396C4A80CE4 /* Pods_Weather_app.framework */; };
		21C923D6EDFA26609105FD3F /* Pods_Weather_appTests.framework in Frameworks */ = {isa = PBXBuildFile; fileRef = 846F9E5864170FDE111046AA /* Pods_Weather_appTests.framework */; };
		4E1C194827AE5E3600833E01 /* LocationListVC.swift in Sources */ = {isa = PBXBuildFile; fileRef = 4E1C194727AE5E3600833E01 /* LocationListVC.swift */; };
		4E1C194A27AE931200833E01 /* CityWeatherCell.swift in Sources */ = {isa = PBXBuildFile; fileRef = 4E1C194927AE931200833E01 /* CityWeatherCell.swift */; };
		4E7308C827AA6E04009C4943 /* AppDelegate.swift in Sources */ = {isa = PBXBuildFile; fileRef = 4E7308C727AA6E04009C4943 /* AppDelegate.swift */; };
		4E7308CA27AA6E04009C4943 /* SceneDelegate.swift in Sources */ = {isa = PBXBuildFile; fileRef = 4E7308C927AA6E04009C4943 /* SceneDelegate.swift */; };
		4E7308CC27AA6E04009C4943 /* DashboardWeatherVC.swift in Sources */ = {isa = PBXBuildFile; fileRef = 4E7308CB27AA6E04009C4943 /* DashboardWeatherVC.swift */; };
		4E7308CF27AA6E04009C4943 /* Main.storyboard in Resources */ = {isa = PBXBuildFile; fileRef = 4E7308CD27AA6E04009C4943 /* Main.storyboard */; };
		4E7308D127AA6E06009C4943 /* Assets.xcassets in Resources */ = {isa = PBXBuildFile; fileRef = 4E7308D027AA6E06009C4943 /* Assets.xcassets */; };
		4E7308D427AA6E06009C4943 /* LaunchScreen.storyboard in Resources */ = {isa = PBXBuildFile; fileRef = 4E7308D227AA6E06009C4943 /* LaunchScreen.storyboard */; };
		4E7308DF27AA6E06009C4943 /* Weather_appTests.swift in Sources */ = {isa = PBXBuildFile; fileRef = 4E7308DE27AA6E06009C4943 /* Weather_appTests.swift */; };
		4E7308E927AA6E06009C4943 /* Weather_appUITests.swift in Sources */ = {isa = PBXBuildFile; fileRef = 4E7308E827AA6E06009C4943 /* Weather_appUITests.swift */; };
		4E7308EB27AA6E06009C4943 /* Weather_appUITestsLaunchTests.swift in Sources */ = {isa = PBXBuildFile; fileRef = 4E7308EA27AA6E06009C4943 /* Weather_appUITestsLaunchTests.swift */; };
		4E7308F827AA83EC009C4943 /* WeatherModel.swift in Sources */ = {isa = PBXBuildFile; fileRef = 4E7308F727AA83EC009C4943 /* WeatherModel.swift */; };
		4E7308FA27AA85CC009C4943 /* APIRequests.swift in Sources */ = {isa = PBXBuildFile; fileRef = 4E7308F927AA85CC009C4943 /* APIRequests.swift */; };
		4E7308FE27AAB70E009C4943 /* ForecastWeatherCell.swift in Sources */ = {isa = PBXBuildFile; fileRef = 4E7308FD27AAB70E009C4943 /* ForecastWeatherCell.swift */; };
		4E73090027ABB9A6009C4943 /* WaitingOverlays.swift in Sources */ = {isa = PBXBuildFile; fileRef = 4E7308FF27ABB9A6009C4943 /* WaitingOverlays.swift */; };
		4E73090227ABBAC9009C4943 /* UIView+.swift in Sources */ = {isa = PBXBuildFile; fileRef = 4E73090127ABBAC9009C4943 /* UIView+.swift */; };
		4E7B9AB327ABFA280096A53D /* UIcolor+.swift in Sources */ = {isa = PBXBuildFile; fileRef = 4E7B9AB227ABFA270096A53D /* UIcolor+.swift */; };
		4E7B9AB527AD53CF0096A53D /* Date+.swift in Sources */ = {isa = PBXBuildFile; fileRef = 4E7B9AB427AD53CF0096A53D /* Date+.swift */; };
		4EA8AD6527B12D2D00009213 /* APIKeys.swift in Sources */ = {isa = PBXBuildFile; fileRef = 4EA8AD6427B12D2D00009213 /* APIKeys.swift */; };
		4EA8AD6727B12E0000009213 /* UIViewController+.swift in Sources */ = {isa = PBXBuildFile; fileRef = 4EA8AD6627B12E0000009213 /* UIViewController+.swift */; };
		4ED2B4F127AFD40A000BC939 /* MapsVC.swift in Sources */ = {isa = PBXBuildFile; fileRef = 4ED2B4F027AFD40A000BC939 /* MapsVC.swift */; };
		4ED2B4F627AFDB10000BC939 /* CoreDataManager.swift in Sources */ = {isa = PBXBuildFile; fileRef = 4ED2B4F527AFDB10000BC939 /* CoreDataManager.swift */; };
		4ED2B4F927AFDC80000BC939 /* CoreWeather.xcdatamodeld in Sources */ = {isa = PBXBuildFile; fileRef = 4ED2B4F727AFDC80000BC939 /* CoreWeather.xcdatamodeld */; };
		4ED2B4FB27AFDEBF000BC939 /* FavoritesModel.swift in Sources */ = {isa = PBXBuildFile; fileRef = 4ED2B4FA27AFDEBF000BC939 /* FavoritesModel.swift */; };
		9439AC13B64E4929864193E0 /* Pods_Weather_app_Weather_appUITests.framework in Frameworks */ = {isa = PBXBuildFile; fileRef = 4C2596665B72D7B830D02D2C /* Pods_Weather_app_Weather_appUITests.framework */; };
/* End PBXBuildFile section */

/* Begin PBXContainerItemProxy section */
		4E7308DB27AA6E06009C4943 /* PBXContainerItemProxy */ = {
			isa = PBXContainerItemProxy;
			containerPortal = 4E7308BC27AA6E04009C4943 /* Project object */;
			proxyType = 1;
			remoteGlobalIDString = 4E7308C327AA6E04009C4943;
			remoteInfo = "Weather app";
		};
		4E7308E527AA6E06009C4943 /* PBXContainerItemProxy */ = {
			isa = PBXContainerItemProxy;
			containerPortal = 4E7308BC27AA6E04009C4943 /* Project object */;
			proxyType = 1;
			remoteGlobalIDString = 4E7308C327AA6E04009C4943;
			remoteInfo = "Weather app";
		};
/* End PBXContainerItemProxy section */

/* Begin PBXFileReference section */
		057FC61DAEB1992CC299312E /* Pods-Weather appTests.debug.xcconfig */ = {isa = PBXFileReference; includeInIndex = 1; lastKnownFileType = text.xcconfig; name = "Pods-Weather appTests.debug.xcconfig"; path = "Target Support Files/Pods-Weather appTests/Pods-Weather appTests.debug.xcconfig"; sourceTree = "<group>"; };
		282A29A4AAB9382B38AE8E84 /* Pods-Weather app-Weather appUITests.debug.xcconfig */ = {isa = PBXFileReference; includeInIndex = 1; lastKnownFileType = text.xcconfig; name = "Pods-Weather app-Weather appUITests.debug.xcconfig"; path = "Target Support Files/Pods-Weather app-Weather appUITests/Pods-Weather app-Weather appUITests.debug.xcconfig"; sourceTree = "<group>"; };
		3AE563EBCD471BFBCFB673DC /* Pods-Weather app.debug.xcconfig */ = {isa = PBXFileReference; includeInIndex = 1; lastKnownFileType = text.xcconfig; name = "Pods-Weather app.debug.xcconfig"; path = "Target Support Files/Pods-Weather app/Pods-Weather app.debug.xcconfig"; sourceTree = "<group>"; };
		4C2596665B72D7B830D02D2C /* Pods_Weather_app_Weather_appUITests.framework */ = {isa = PBXFileReference; explicitFileType = wrapper.framework; includeInIndex = 0; path = Pods_Weather_app_Weather_appUITests.framework; sourceTree = BUILT_PRODUCTS_DIR; };
		4E1C194727AE5E3600833E01 /* LocationListVC.swift */ = {isa = PBXFileReference; lastKnownFileType = sourcecode.swift; path = LocationListVC.swift; sourceTree = "<group>"; };
		4E1C194927AE931200833E01 /* CityWeatherCell.swift */ = {isa = PBXFileReference; lastKnownFileType = sourcecode.swift; path = CityWeatherCell.swift; sourceTree = "<group>"; };
		4E7308C427AA6E04009C4943 /* Weather app.app */ = {isa = PBXFileReference; explicitFileType = wrapper.application; includeInIndex = 0; path = "Weather app.app"; sourceTree = BUILT_PRODUCTS_DIR; };
		4E7308C727AA6E04009C4943 /* AppDelegate.swift */ = {isa = PBXFileReference; lastKnownFileType = sourcecode.swift; path = AppDelegate.swift; sourceTree = "<group>"; };
		4E7308C927AA6E04009C4943 /* SceneDelegate.swift */ = {isa = PBXFileReference; lastKnownFileType = sourcecode.swift; path = SceneDelegate.swift; sourceTree = "<group>"; };
		4E7308CB27AA6E04009C4943 /* DashboardWeatherVC.swift */ = {isa = PBXFileReference; lastKnownFileType = sourcecode.swift; path = DashboardWeatherVC.swift; sourceTree = "<group>"; };
		4E7308CE27AA6E04009C4943 /* Base */ = {isa = PBXFileReference; lastKnownFileType = file.storyboard; name = Base; path = Base.lproj/Main.storyboard; sourceTree = "<group>"; };
		4E7308D027AA6E06009C4943 /* Assets.xcassets */ = {isa = PBXFileReference; lastKnownFileType = folder.assetcatalog; path = Assets.xcassets; sourceTree = "<group>"; };
		4E7308D327AA6E06009C4943 /* Base */ = {isa = PBXFileReference; lastKnownFileType = file.storyboard; name = Base; path = Base.lproj/LaunchScreen.storyboard; sourceTree = "<group>"; };
		4E7308D527AA6E06009C4943 /* Info.plist */ = {isa = PBXFileReference; lastKnownFileType = text.plist.xml; path = Info.plist; sourceTree = "<group>"; };
		4E7308DA27AA6E06009C4943 /* Weather appTests.xctest */ = {isa = PBXFileReference; explicitFileType = wrapper.cfbundle; includeInIndex = 0; path = "Weather appTests.xctest"; sourceTree = BUILT_PRODUCTS_DIR; };
		4E7308DE27AA6E06009C4943 /* Weather_appTests.swift */ = {isa = PBXFileReference; lastKnownFileType = sourcecode.swift; path = Weather_appTests.swift; sourceTree = "<group>"; };
		4E7308E427AA6E06009C4943 /* Weather appUITests.xctest */ = {isa = PBXFileReference; explicitFileType = wrapper.cfbundle; includeInIndex = 0; path = "Weather appUITests.xctest"; sourceTree = BUILT_PRODUCTS_DIR; };
		4E7308E827AA6E06009C4943 /* Weather_appUITests.swift */ = {isa = PBXFileReference; lastKnownFileType = sourcecode.swift; path = Weather_appUITests.swift; sourceTree = "<group>"; };
		4E7308EA27AA6E06009C4943 /* Weather_appUITestsLaunchTests.swift */ = {isa = PBXFileReference; lastKnownFileType = sourcecode.swift; path = Weather_appUITestsLaunchTests.swift; sourceTree = "<group>"; };
		4E7308F727AA83EC009C4943 /* WeatherModel.swift */ = {isa = PBXFileReference; lastKnownFileType = sourcecode.swift; path = WeatherModel.swift; sourceTree = "<group>"; };
		4E7308F927AA85CC009C4943 /* APIRequests.swift */ = {isa = PBXFileReference; lastKnownFileType = sourcecode.swift; path = APIRequests.swift; sourceTree = "<group>"; };
		4E7308FD27AAB70E009C4943 /* ForecastWeatherCell.swift */ = {isa = PBXFileReference; lastKnownFileType = sourcecode.swift; path = ForecastWeatherCell.swift; sourceTree = "<group>"; };
		4E7308FF27ABB9A6009C4943 /* WaitingOverlays.swift */ = {isa = PBXFileReference; lastKnownFileType = sourcecode.swift; path = WaitingOverlays.swift; sourceTree = "<group>"; };
		4E73090127ABBAC9009C4943 /* UIView+.swift */ = {isa = PBXFileReference; lastKnownFileType = sourcecode.swift; path = "UIView+.swift"; sourceTree = "<group>"; };
		4E7B9AB227ABFA270096A53D /* UIcolor+.swift */ = {isa = PBXFileReference; lastKnownFileType = sourcecode.swift; path = "UIcolor+.swift"; sourceTree = "<group>"; };
		4E7B9AB427AD53CF0096A53D /* Date+.swift */ = {isa = PBXFileReference; lastKnownFileType = sourcecode.swift; path = "Date+.swift"; sourceTree = "<group>"; };
		4EA8AD6427B12D2D00009213 /* APIKeys.swift */ = {isa = PBXFileReference; lastKnownFileType = sourcecode.swift; path = APIKeys.swift; sourceTree = "<group>"; };
		4EA8AD6627B12E0000009213 /* UIViewController+.swift */ = {isa = PBXFileReference; lastKnownFileType = sourcecode.swift; path = "UIViewController+.swift"; sourceTree = "<group>"; };
		4ED2B4F027AFD40A000BC939 /* MapsVC.swift */ = {isa = PBXFileReference; lastKnownFileType = sourcecode.swift; path = MapsVC.swift; sourceTree = "<group>"; };
		4ED2B4F527AFDB10000BC939 /* CoreDataManager.swift */ = {isa = PBXFileReference; lastKnownFileType = sourcecode.swift; path = CoreDataManager.swift; sourceTree = "<group>"; };
		4ED2B4F827AFDC80000BC939 /* CoreWeather.xcdatamodel */ = {isa = PBXFileReference; lastKnownFileType = wrapper.xcdatamodel; path = CoreWeather.xcdatamodel; sourceTree = "<group>"; };
		4ED2B4FA27AFDEBF000BC939 /* FavoritesModel.swift */ = {isa = PBXFileReference; lastKnownFileType = sourcecode.swift; path = FavoritesModel.swift; sourceTree = "<group>"; };
		846F9E5864170FDE111046AA /* Pods_Weather_appTests.framework */ = {isa = PBXFileReference; explicitFileType = wrapper.framework; includeInIndex = 0; path = Pods_Weather_appTests.framework; sourceTree = BUILT_PRODUCTS_DIR; };
		8E6AAC7C7DED20382DED18A4 /* Pods-Weather app-Weather appUITests.release.xcconfig */ = {isa = PBXFileReference; includeInIndex = 1; lastKnownFileType = text.xcconfig; name = "Pods-Weather app-Weather appUITests.release.xcconfig"; path = "Target Support Files/Pods-Weather app-Weather appUITests/Pods-Weather app-Weather appUITests.release.xcconfig"; sourceTree = "<group>"; };
		9C46A54A2C63F515409BD887 /* Pods-Weather appTests.release.xcconfig */ = {isa = PBXFileReference; includeInIndex = 1; lastKnownFileType = text.xcconfig; name = "Pods-Weather appTests.release.xcconfig"; path = "Target Support Files/Pods-Weather appTests/Pods-Weather appTests.release.xcconfig"; sourceTree = "<group>"; };
		C2BB1B131CF87396C4A80CE4 /* Pods_Weather_app.framework */ = {isa = PBXFileReference; explicitFileType = wrapper.framework; includeInIndex = 0; path = Pods_Weather_app.framework; sourceTree = BUILT_PRODUCTS_DIR; };
		E28C5F82C9D6F1904D3C628F /* Pods-Weather app.release.xcconfig */ = {isa = PBXFileReference; includeInIndex = 1; lastKnownFileType = text.xcconfig; name = "Pods-Weather app.release.xcconfig"; path = "Target Support Files/Pods-Weather app/Pods-Weather app.release.xcconfig"; sourceTree = "<group>"; };
/* End PBXFileReference section */

/* Begin PBXFrameworksBuildPhase section */
		4E7308C127AA6E04009C4943 /* Frameworks */ = {
			isa = PBXFrameworksBuildPhase;
			buildActionMask = 2147483647;
			files = (
				03CA25607D1D4D8A5CAC7700 /* Pods_Weather_app.framework in Frameworks */,
			);
			runOnlyForDeploymentPostprocessing = 0;
		};
		4E7308D727AA6E06009C4943 /* Frameworks */ = {
			isa = PBXFrameworksBuildPhase;
			buildActionMask = 2147483647;
			files = (
				21C923D6EDFA26609105FD3F /* Pods_Weather_appTests.framework in Frameworks */,
			);
			runOnlyForDeploymentPostprocessing = 0;
		};
		4E7308E127AA6E06009C4943 /* Frameworks */ = {
			isa = PBXFrameworksBuildPhase;
			buildActionMask = 2147483647;
			files = (
				9439AC13B64E4929864193E0 /* Pods_Weather_app_Weather_appUITests.framework in Frameworks */,
			);
			runOnlyForDeploymentPostprocessing = 0;
		};
/* End PBXFrameworksBuildPhase section */

/* Begin PBXGroup section */
		4E7308BB27AA6E04009C4943 = {
			isa = PBXGroup;
			children = (
				4E7308C627AA6E04009C4943 /* Weather app */,
				4E7308DD27AA6E06009C4943 /* Weather appTests */,
				4E7308E727AA6E06009C4943 /* Weather appUITests */,
				4E7308C527AA6E04009C4943 /* Products */,
				F03280D80245D843D19C39E2 /* Pods */,
				D46F2474A419EB0A508F41EB /* Frameworks */,
			);
			sourceTree = "<group>";
		};
		4E7308C527AA6E04009C4943 /* Products */ = {
			isa = PBXGroup;
			children = (
				4E7308C427AA6E04009C4943 /* Weather app.app */,
				4E7308DA27AA6E06009C4943 /* Weather appTests.xctest */,
				4E7308E427AA6E06009C4943 /* Weather appUITests.xctest */,
			);
			name = Products;
			sourceTree = "<group>";
		};
		4E7308C627AA6E04009C4943 /* Weather app */ = {
			isa = PBXGroup;
			children = (
				4E7308D527AA6E06009C4943 /* Info.plist */,
				4EA8AD6827B12FAB00009213 /* Data */,
				4E7B9AB127ABEA7A0096A53D /* Resources */,
				4E7B9AB027ABEA6A0096A53D /* Storyboard */,
				4E7B9AAF27ABEA570096A53D /* Initial */,
				4E7B9AAE27ABEA490096A53D /* API */,
				4E7B9AAC27ABEA220096A53D /* Views */,
				4E7B9AAB27ABEA090096A53D /* Utils */,
				4E7B9AAA27ABE9F80096A53D /* Model */,
			);
			path = "Weather app";
			sourceTree = "<group>";
		};
		4E7308DD27AA6E06009C4943 /* Weather appTests */ = {
			isa = PBXGroup;
			children = (
				4E7308DE27AA6E06009C4943 /* Weather_appTests.swift */,
			);
			path = "Weather appTests";
			sourceTree = "<group>";
		};
		4E7308E727AA6E06009C4943 /* Weather appUITests */ = {
			isa = PBXGroup;
			children = (
				4E7308E827AA6E06009C4943 /* Weather_appUITests.swift */,
				4E7308EA27AA6E06009C4943 /* Weather_appUITestsLaunchTests.swift */,
			);
			path = "Weather appUITests";
			sourceTree = "<group>";
		};
		4E7B9AAA27ABE9F80096A53D /* Model */ = {
			isa = PBXGroup;
			children = (
				4E7308F727AA83EC009C4943 /* WeatherModel.swift */,
				4ED2B4F527AFDB10000BC939 /* CoreDataManager.swift */,
				4ED2B4FA27AFDEBF000BC939 /* FavoritesModel.swift */,
			);
			path = Model;
			sourceTree = "<group>";
		};
		4E7B9AAB27ABEA090096A53D /* Utils */ = {
			isa = PBXGroup;
			children = (
				4E7308FF27ABB9A6009C4943 /* WaitingOverlays.swift */,
				4E73090127ABBAC9009C4943 /* UIView+.swift */,
				4E7B9AB227ABFA270096A53D /* UIcolor+.swift */,
				4E7B9AB427AD53CF0096A53D /* Date+.swift */,
				4EA8AD6427B12D2D00009213 /* APIKeys.swift */,
				4EA8AD6627B12E0000009213 /* UIViewController+.swift */,
			);
			path = Utils;
			sourceTree = "<group>";
		};
		4E7B9AAC27ABEA220096A53D /* Views */ = {
			isa = PBXGroup;
			children = (
				4E7B9AAD27ABEA2E0096A53D /* Cells */,
				4E7308CB27AA6E04009C4943 /* DashboardWeatherVC.swift */,
				4E1C194727AE5E3600833E01 /* LocationListVC.swift */,
				4ED2B4F027AFD40A000BC939 /* MapsVC.swift */,
			);
			path = Views;
			sourceTree = "<group>";
		};
		4E7B9AAD27ABEA2E0096A53D /* Cells */ = {
			isa = PBXGroup;
			children = (
				4E7308FD27AAB70E009C4943 /* ForecastWeatherCell.swift */,
				4E1C194927AE931200833E01 /* CityWeatherCell.swift */,
			);
			path = Cells;
			sourceTree = "<group>";
		};
		4E7B9AAE27ABEA490096A53D /* API */ = {
			isa = PBXGroup;
			children = (
				4E7308F927AA85CC009C4943 /* APIRequests.swift */,
			);
			path = API;
			sourceTree = "<group>";
		};
		4E7B9AAF27ABEA570096A53D /* Initial */ = {
			isa = PBXGroup;
			children = (
				4E7308C727AA6E04009C4943 /* AppDelegate.swift */,
				4E7308C927AA6E04009C4943 /* SceneDelegate.swift */,
			);
			path = Initial;
			sourceTree = "<group>";
		};
		4E7B9AB027ABEA6A0096A53D /* Storyboard */ = {
			isa = PBXGroup;
			children = (
				4E7308D227AA6E06009C4943 /* LaunchScreen.storyboard */,
				4E7308CD27AA6E04009C4943 /* Main.storyboard */,
			);
			path = Storyboard;
			sourceTree = "<group>";
		};
		4E7B9AB127ABEA7A0096A53D /* Resources */ = {
			isa = PBXGroup;
			children = (
				4E7308D027AA6E06009C4943 /* Assets.xcassets */,
			);
			path = Resources;
			sourceTree = "<group>";
		};
		4EA8AD6827B12FAB00009213 /* Data */ = {
			isa = PBXGroup;
			children = (
				4ED2B4F727AFDC80000BC939 /* CoreWeather.xcdatamodeld */,
			);
			path = Data;
			sourceTree = "<group>";
		};
		D46F2474A419EB0A508F41EB /* Frameworks */ = {
			isa = PBXGroup;
			children = (
				C2BB1B131CF87396C4A80CE4 /* Pods_Weather_app.framework */,
				4C2596665B72D7B830D02D2C /* Pods_Weather_app_Weather_appUITests.framework */,
				846F9E5864170FDE111046AA /* Pods_Weather_appTests.framework */,
			);
			name = Frameworks;
			sourceTree = "<group>";
		};
		F03280D80245D843D19C39E2 /* Pods */ = {
			isa = PBXGroup;
			children = (
				3AE563EBCD471BFBCFB673DC /* Pods-Weather app.debug.xcconfig */,
				E28C5F82C9D6F1904D3C628F /* Pods-Weather app.release.xcconfig */,
				282A29A4AAB9382B38AE8E84 /* Pods-Weather app-Weather appUITests.debug.xcconfig */,
				8E6AAC7C7DED20382DED18A4 /* Pods-Weather app-Weather appUITests.release.xcconfig */,
				057FC61DAEB1992CC299312E /* Pods-Weather appTests.debug.xcconfig */,
				9C46A54A2C63F515409BD887 /* Pods-Weather appTests.release.xcconfig */,
			);
			path = Pods;
			sourceTree = "<group>";
		};
/* End PBXGroup section */

/* Begin PBXNativeTarget section */
		4E7308C327AA6E04009C4943 /* Weather app */ = {
			isa = PBXNativeTarget;
			buildConfigurationList = 4E7308EE27AA6E06009C4943 /* Build configuration list for PBXNativeTarget "Weather app" */;
			buildPhases = (
				1B910EC5303F42B2AA10A24A /* [CP] Check Pods Manifest.lock */,
				4E7308C027AA6E04009C4943 /* Sources */,
				4E7308C127AA6E04009C4943 /* Frameworks */,
				4E7308C227AA6E04009C4943 /* Resources */,
				DDDE45D8824639A9F2BAD537 /* [CP] Copy Pods Resources */,
			);
			buildRules = (
			);
			dependencies = (
			);
			name = "Weather app";
			productName = "Weather app";
			productReference = 4E7308C427AA6E04009C4943 /* Weather app.app */;
			productType = "com.apple.product-type.application";
		};
		4E7308D927AA6E06009C4943 /* Weather appTests */ = {
			isa = PBXNativeTarget;
			buildConfigurationList = 4E7308F127AA6E06009C4943 /* Build configuration list for PBXNativeTarget "Weather appTests" */;
			buildPhases = (
				B0B306EFCC5FD90EA25367FB /* [CP] Check Pods Manifest.lock */,
				4E7308D627AA6E06009C4943 /* Sources */,
				4E7308D727AA6E06009C4943 /* Frameworks */,
				4E7308D827AA6E06009C4943 /* Resources */,
			);
			buildRules = (
			);
			dependencies = (
				4E7308DC27AA6E06009C4943 /* PBXTargetDependency */,
			);
			name = "Weather appTests";
			productName = "Weather appTests";
			productReference = 4E7308DA27AA6E06009C4943 /* Weather appTests.xctest */;
			productType = "com.apple.product-type.bundle.unit-test";
		};
		4E7308E327AA6E06009C4943 /* Weather appUITests */ = {
			isa = PBXNativeTarget;
			buildConfigurationList = 4E7308F427AA6E06009C4943 /* Build configuration list for PBXNativeTarget "Weather appUITests" */;
			buildPhases = (
				F328740E9D4AA5139779B037 /* [CP] Check Pods Manifest.lock */,
				4E7308E027AA6E06009C4943 /* Sources */,
				4E7308E127AA6E06009C4943 /* Frameworks */,
				4E7308E227AA6E06009C4943 /* Resources */,
				8C777BA7BC9B7E3F011AFBA5 /* [CP] Copy Pods Resources */,
			);
			buildRules = (
			);
			dependencies = (
				4E7308E627AA6E06009C4943 /* PBXTargetDependency */,
			);
			name = "Weather appUITests";
			productName = "Weather appUITests";
			productReference = 4E7308E427AA6E06009C4943 /* Weather appUITests.xctest */;
			productType = "com.apple.product-type.bundle.ui-testing";
		};
/* End PBXNativeTarget section */

/* Begin PBXProject section */
		4E7308BC27AA6E04009C4943 /* Project object */ = {
			isa = PBXProject;
			attributes = {
				BuildIndependentTargetsInParallel = 1;
				LastSwiftUpdateCheck = 1300;
				LastUpgradeCheck = 1300;
				TargetAttributes = {
					4E7308C327AA6E04009C4943 = {
						CreatedOnToolsVersion = 13.0;
					};
					4E7308D927AA6E06009C4943 = {
						CreatedOnToolsVersion = 13.0;
						TestTargetID = 4E7308C327AA6E04009C4943;
					};
					4E7308E327AA6E06009C4943 = {
						CreatedOnToolsVersion = 13.0;
						TestTargetID = 4E7308C327AA6E04009C4943;
					};
				};
			};
			buildConfigurationList = 4E7308BF27AA6E04009C4943 /* Build configuration list for PBXProject "Weather app" */;
			compatibilityVersion = "Xcode 13.0";
			developmentRegion = en;
			hasScannedForEncodings = 0;
			knownRegions = (
				en,
				Base,
			);
			mainGroup = 4E7308BB27AA6E04009C4943;
			productRefGroup = 4E7308C527AA6E04009C4943 /* Products */;
			projectDirPath = "";
			projectRoot = "";
			targets = (
				4E7308C327AA6E04009C4943 /* Weather app */,
				4E7308D927AA6E06009C4943 /* Weather appTests */,
				4E7308E327AA6E06009C4943 /* Weather appUITests */,
			);
		};
/* End PBXProject section */

/* Begin PBXResourcesBuildPhase section */
		4E7308C227AA6E04009C4943 /* Resources */ = {
			isa = PBXResourcesBuildPhase;
			buildActionMask = 2147483647;
			files = (
				4E7308D427AA6E06009C4943 /* LaunchScreen.storyboard in Resources */,
				4E7308D127AA6E06009C4943 /* Assets.xcassets in Resources */,
				4E7308CF27AA6E04009C4943 /* Main.storyboard in Resources */,
			);
			runOnlyForDeploymentPostprocessing = 0;
		};
		4E7308D827AA6E06009C4943 /* Resources */ = {
			isa = PBXResourcesBuildPhase;
			buildActionMask = 2147483647;
			files = (
			);
			runOnlyForDeploymentPostprocessing = 0;
		};
		4E7308E227AA6E06009C4943 /* Resources */ = {
			isa = PBXResourcesBuildPhase;
			buildActionMask = 2147483647;
			files = (
			);
			runOnlyForDeploymentPostprocessing = 0;
		};
/* End PBXResourcesBuildPhase section */

/* Begin PBXShellScriptBuildPhase section */
		1B910EC5303F42B2AA10A24A /* [CP] Check Pods Manifest.lock */ = {
			isa = PBXShellScriptBuildPhase;
			buildActionMask = 2147483647;
			files = (
			);
			inputFileListPaths = (
			);
			inputPaths = (
				"${PODS_PODFILE_DIR_PATH}/Podfile.lock",
				"${PODS_ROOT}/Manifest.lock",
			);
			name = "[CP] Check Pods Manifest.lock";
			outputFileListPaths = (
			);
			outputPaths = (
				"$(DERIVED_FILE_DIR)/Pods-Weather app-checkManifestLockResult.txt",
			);
			runOnlyForDeploymentPostprocessing = 0;
			shellPath = /bin/sh;
			shellScript = "diff \"${PODS_PODFILE_DIR_PATH}/Podfile.lock\" \"${PODS_ROOT}/Manifest.lock\" > /dev/null\nif [ $? != 0 ] ; then\n    # print error to STDERR\n    echo \"error: The sandbox is not in sync with the Podfile.lock. Run 'pod install' or update your CocoaPods installation.\" >&2\n    exit 1\nfi\n# This output is used by Xcode 'outputs' to avoid re-running this script phase.\necho \"SUCCESS\" > \"${SCRIPT_OUTPUT_FILE_0}\"\n";
			showEnvVarsInLog = 0;
		};
		8C777BA7BC9B7E3F011AFBA5 /* [CP] Copy Pods Resources */ = {
			isa = PBXShellScriptBuildPhase;
			buildActionMask = 2147483647;
			files = (
			);
			inputFileListPaths = (
				"${PODS_ROOT}/Target Support Files/Pods-Weather app-Weather appUITests/Pods-Weather app-Weather appUITests-resources-${CONFIGURATION}-input-files.xcfilelist",
			);
			name = "[CP] Copy Pods Resources";
			outputFileListPaths = (
				"${PODS_ROOT}/Target Support Files/Pods-Weather app-Weather appUITests/Pods-Weather app-Weather appUITests-resources-${CONFIGURATION}-output-files.xcfilelist",
			);
			runOnlyForDeploymentPostprocessing = 0;
			shellPath = /bin/sh;
			shellScript = "\"${PODS_ROOT}/Target Support Files/Pods-Weather app-Weather appUITests/Pods-Weather app-Weather appUITests-resources.sh\"\n";
			showEnvVarsInLog = 0;
		};
		B0B306EFCC5FD90EA25367FB /* [CP] Check Pods Manifest.lock */ = {
			isa = PBXShellScriptBuildPhase;
			buildActionMask = 2147483647;
			files = (
			);
			inputFileListPaths = (
			);
			inputPaths = (
				"${PODS_PODFILE_DIR_PATH}/Podfile.lock",
				"${PODS_ROOT}/Manifest.lock",
			);
			name = "[CP] Check Pods Manifest.lock";
			outputFileListPaths = (
			);
			outputPaths = (
				"$(DERIVED_FILE_DIR)/Pods-Weather appTests-checkManifestLockResult.txt",
			);
			runOnlyForDeploymentPostprocessing = 0;
			shellPath = /bin/sh;
			shellScript = "diff \"${PODS_PODFILE_DIR_PATH}/Podfile.lock\" \"${PODS_ROOT}/Manifest.lock\" > /dev/null\nif [ $? != 0 ] ; then\n    # print error to STDERR\n    echo \"error: The sandbox is not in sync with the Podfile.lock. Run 'pod install' or update your CocoaPods installation.\" >&2\n    exit 1\nfi\n# This output is used by Xcode 'outputs' to avoid re-running this script phase.\necho \"SUCCESS\" > \"${SCRIPT_OUTPUT_FILE_0}\"\n";
			showEnvVarsInLog = 0;
		};
		DDDE45D8824639A9F2BAD537 /* [CP] Copy Pods Resources */ = {
			isa = PBXShellScriptBuildPhase;
			buildActionMask = 2147483647;
			files = (
			);
			inputFileListPaths = (
				"${PODS_ROOT}/Target Support Files/Pods-Weather app/Pods-Weather app-resources-${CONFIGURATION}-input-files.xcfilelist",
			);
			name = "[CP] Copy Pods Resources";
			outputFileListPaths = (
				"${PODS_ROOT}/Target Support Files/Pods-Weather app/Pods-Weather app-resources-${CONFIGURATION}-output-files.xcfilelist",
			);
			runOnlyForDeploymentPostprocessing = 0;
			shellPath = /bin/sh;
			shellScript = "\"${PODS_ROOT}/Target Support Files/Pods-Weather app/Pods-Weather app-resources.sh\"\n";
			showEnvVarsInLog = 0;
		};
		F328740E9D4AA5139779B037 /* [CP] Check Pods Manifest.lock */ = {
			isa = PBXShellScriptBuildPhase;
			buildActionMask = 2147483647;
			files = (
			);
			inputFileListPaths = (
			);
			inputPaths = (
				"${PODS_PODFILE_DIR_PATH}/Podfile.lock",
				"${PODS_ROOT}/Manifest.lock",
			);
			name = "[CP] Check Pods Manifest.lock";
			outputFileListPaths = (
			);
			outputPaths = (
				"$(DERIVED_FILE_DIR)/Pods-Weather app-Weather appUITests-checkManifestLockResult.txt",
			);
			runOnlyForDeploymentPostprocessing = 0;
			shellPath = /bin/sh;
			shellScript = "diff \"${PODS_PODFILE_DIR_PATH}/Podfile.lock\" \"${PODS_ROOT}/Manifest.lock\" > /dev/null\nif [ $? != 0 ] ; then\n    # print error to STDERR\n    echo \"error: The sandbox is not in sync with the Podfile.lock. Run 'pod install' or update your CocoaPods installation.\" >&2\n    exit 1\nfi\n# This output is used by Xcode 'outputs' to avoid re-running this script phase.\necho \"SUCCESS\" > \"${SCRIPT_OUTPUT_FILE_0}\"\n";
			showEnvVarsInLog = 0;
		};
/* End PBXShellScriptBuildPhase section */

/* Begin PBXSourcesBuildPhase section */
		4E7308C027AA6E04009C4943 /* Sources */ = {
			isa = PBXSourcesBuildPhase;
			buildActionMask = 2147483647;
			files = (
				4E73090027ABB9A6009C4943 /* WaitingOverlays.swift in Sources */,
				4ED2B4F127AFD40A000BC939 /* MapsVC.swift in Sources */,
				4E7308FE27AAB70E009C4943 /* ForecastWeatherCell.swift in Sources */,
				4ED2B4FB27AFDEBF000BC939 /* FavoritesModel.swift in Sources */,
				4ED2B4F627AFDB10000BC939 /* CoreDataManager.swift in Sources */,
				4E7308CC27AA6E04009C4943 /* DashboardWeatherVC.swift in Sources */,
				4E7308C827AA6E04009C4943 /* AppDelegate.swift in Sources */,
				4EA8AD6527B12D2D00009213 /* APIKeys.swift in Sources */,
				4E7308FA27AA85CC009C4943 /* APIRequests.swift in Sources */,
				4ED2B4F927AFDC80000BC939 /* CoreWeather.xcdatamodeld in Sources */,
				4E7308F827AA83EC009C4943 /* WeatherModel.swift in Sources */,
				4E73090227ABBAC9009C4943 /* UIView+.swift in Sources */,
				4E7B9AB527AD53CF0096A53D /* Date+.swift in Sources */,
				4E7B9AB327ABFA280096A53D /* UIcolor+.swift in Sources */,
				4EA8AD6727B12E0000009213 /* UIViewController+.swift in Sources */,
				4E1C194A27AE931200833E01 /* CityWeatherCell.swift in Sources */,
				4E7308CA27AA6E04009C4943 /* SceneDelegate.swift in Sources */,
				4E1C194827AE5E3600833E01 /* LocationListVC.swift in Sources */,
			);
			runOnlyForDeploymentPostprocessing = 0;
		};
		4E7308D627AA6E06009C4943 /* Sources */ = {
			isa = PBXSourcesBuildPhase;
			buildActionMask = 2147483647;
			files = (
				4E7308DF27AA6E06009C4943 /* Weather_appTests.swift in Sources */,
			);
			runOnlyForDeploymentPostprocessing = 0;
		};
		4E7308E027AA6E06009C4943 /* Sources */ = {
			isa = PBXSourcesBuildPhase;
			buildActionMask = 2147483647;
			files = (
				4E7308E927AA6E06009C4943 /* Weather_appUITests.swift in Sources */,
				4E7308EB27AA6E06009C4943 /* Weather_appUITestsLaunchTests.swift in Sources */,
			);
			runOnlyForDeploymentPostprocessing = 0;
		};
/* End PBXSourcesBuildPhase section */

/* Begin PBXTargetDependency section */
		4E7308DC27AA6E06009C4943 /* PBXTargetDependency */ = {
			isa = PBXTargetDependency;
			target = 4E7308C327AA6E04009C4943 /* Weather app */;
			targetProxy = 4E7308DB27AA6E06009C4943 /* PBXContainerItemProxy */;
		};
		4E7308E627AA6E06009C4943 /* PBXTargetDependency */ = {
			isa = PBXTargetDependency;
			target = 4E7308C327AA6E04009C4943 /* Weather app */;
			targetProxy = 4E7308E527AA6E06009C4943 /* PBXContainerItemProxy */;
		};
/* End PBXTargetDependency section */

/* Begin PBXVariantGroup section */
		4E7308CD27AA6E04009C4943 /* Main.storyboard */ = {
			isa = PBXVariantGroup;
			children = (
				4E7308CE27AA6E04009C4943 /* Base */,
			);
			name = Main.storyboard;
			sourceTree = "<group>";
		};
		4E7308D227AA6E06009C4943 /* LaunchScreen.storyboard */ = {
			isa = PBXVariantGroup;
			children = (
				4E7308D327AA6E06009C4943 /* Base */,
			);
			name = LaunchScreen.storyboard;
			sourceTree = "<group>";
		};
/* End PBXVariantGroup section */

/* Begin XCBuildConfiguration section */
		4E7308EC27AA6E06009C4943 /* Debug */ = {
			isa = XCBuildConfiguration;
			buildSettings = {
				ALWAYS_SEARCH_USER_PATHS = NO;
				CLANG_ANALYZER_NONNULL = YES;
				CLANG_ANALYZER_NUMBER_OBJECT_CONVERSION = YES_AGGRESSIVE;
				CLANG_CXX_LANGUAGE_STANDARD = "gnu++17";
				CLANG_CXX_LIBRARY = "libc++";
				CLANG_ENABLE_MODULES = YES;
				CLANG_ENABLE_OBJC_ARC = YES;
				CLANG_ENABLE_OBJC_WEAK = YES;
				CLANG_WARN_BLOCK_CAPTURE_AUTORELEASING = YES;
				CLANG_WARN_BOOL_CONVERSION = YES;
				CLANG_WARN_COMMA = YES;
				CLANG_WARN_CONSTANT_CONVERSION = YES;
				CLANG_WARN_DEPRECATED_OBJC_IMPLEMENTATIONS = YES;
				CLANG_WARN_DIRECT_OBJC_ISA_USAGE = YES_ERROR;
				CLANG_WARN_DOCUMENTATION_COMMENTS = YES;
				CLANG_WARN_EMPTY_BODY = YES;
				CLANG_WARN_ENUM_CONVERSION = YES;
				CLANG_WARN_INFINITE_RECURSION = YES;
				CLANG_WARN_INT_CONVERSION = YES;
				CLANG_WARN_NON_LITERAL_NULL_CONVERSION = YES;
				CLANG_WARN_OBJC_IMPLICIT_RETAIN_SELF = YES;
				CLANG_WARN_OBJC_LITERAL_CONVERSION = YES;
				CLANG_WARN_OBJC_ROOT_CLASS = YES_ERROR;
				CLANG_WARN_QUOTED_INCLUDE_IN_FRAMEWORK_HEADER = YES;
				CLANG_WARN_RANGE_LOOP_ANALYSIS = YES;
				CLANG_WARN_STRICT_PROTOTYPES = YES;
				CLANG_WARN_SUSPICIOUS_MOVE = YES;
				CLANG_WARN_UNGUARDED_AVAILABILITY = YES_AGGRESSIVE;
				CLANG_WARN_UNREACHABLE_CODE = YES;
				CLANG_WARN__DUPLICATE_METHOD_MATCH = YES;
				COPY_PHASE_STRIP = NO;
				DEBUG_INFORMATION_FORMAT = dwarf;
				ENABLE_STRICT_OBJC_MSGSEND = YES;
				ENABLE_TESTABILITY = YES;
				GCC_C_LANGUAGE_STANDARD = gnu11;
				GCC_DYNAMIC_NO_PIC = NO;
				GCC_NO_COMMON_BLOCKS = YES;
				GCC_OPTIMIZATION_LEVEL = 0;
				GCC_PREPROCESSOR_DEFINITIONS = (
					"DEBUG=1",
					"$(inherited)",
				);
				GCC_WARN_64_TO_32_BIT_CONVERSION = YES;
				GCC_WARN_ABOUT_RETURN_TYPE = YES_ERROR;
				GCC_WARN_UNDECLARED_SELECTOR = YES;
				GCC_WARN_UNINITIALIZED_AUTOS = YES_AGGRESSIVE;
				GCC_WARN_UNUSED_FUNCTION = YES;
				GCC_WARN_UNUSED_VARIABLE = YES;
				IPHONEOS_DEPLOYMENT_TARGET = 15.0;
				MTL_ENABLE_DEBUG_INFO = INCLUDE_SOURCE;
				MTL_FAST_MATH = YES;
				ONLY_ACTIVE_ARCH = YES;
				SDKROOT = iphoneos;
				SWIFT_ACTIVE_COMPILATION_CONDITIONS = DEBUG;
				SWIFT_OPTIMIZATION_LEVEL = "-Onone";
			};
			name = Debug;
		};
		4E7308ED27AA6E06009C4943 /* Release */ = {
			isa = XCBuildConfiguration;
			buildSettings = {
				ALWAYS_SEARCH_USER_PATHS = NO;
				CLANG_ANALYZER_NONNULL = YES;
				CLANG_ANALYZER_NUMBER_OBJECT_CONVERSION = YES_AGGRESSIVE;
				CLANG_CXX_LANGUAGE_STANDARD = "gnu++17";
				CLANG_CXX_LIBRARY = "libc++";
				CLANG_ENABLE_MODULES = YES;
				CLANG_ENABLE_OBJC_ARC = YES;
				CLANG_ENABLE_OBJC_WEAK = YES;
				CLANG_WARN_BLOCK_CAPTURE_AUTORELEASING = YES;
				CLANG_WARN_BOOL_CONVERSION = YES;
				CLANG_WARN_COMMA = YES;
				CLANG_WARN_CONSTANT_CONVERSION = YES;
				CLANG_WARN_DEPRECATED_OBJC_IMPLEMENTATIONS = YES;
				CLANG_WARN_DIRECT_OBJC_ISA_USAGE = YES_ERROR;
				CLANG_WARN_DOCUMENTATION_COMMENTS = YES;
				CLANG_WARN_EMPTY_BODY = YES;
				CLANG_WARN_ENUM_CONVERSION = YES;
				CLANG_WARN_INFINITE_RECURSION = YES;
				CLANG_WARN_INT_CONVERSION = YES;
				CLANG_WARN_NON_LITERAL_NULL_CONVERSION = YES;
				CLANG_WARN_OBJC_IMPLICIT_RETAIN_SELF = YES;
				CLANG_WARN_OBJC_LITERAL_CONVERSION = YES;
				CLANG_WARN_OBJC_ROOT_CLASS = YES_ERROR;
				CLANG_WARN_QUOTED_INCLUDE_IN_FRAMEWORK_HEADER = YES;
				CLANG_WARN_RANGE_LOOP_ANALYSIS = YES;
				CLANG_WARN_STRICT_PROTOTYPES = YES;
				CLANG_WARN_SUSPICIOUS_MOVE = YES;
				CLANG_WARN_UNGUARDED_AVAILABILITY = YES_AGGRESSIVE;
				CLANG_WARN_UNREACHABLE_CODE = YES;
				CLANG_WARN__DUPLICATE_METHOD_MATCH = YES;
				COPY_PHASE_STRIP = NO;
				DEBUG_INFORMATION_FORMAT = "dwarf-with-dsym";
				ENABLE_NS_ASSERTIONS = NO;
				ENABLE_STRICT_OBJC_MSGSEND = YES;
				GCC_C_LANGUAGE_STANDARD = gnu11;
				GCC_NO_COMMON_BLOCKS = YES;
				GCC_WARN_64_TO_32_BIT_CONVERSION = YES;
				GCC_WARN_ABOUT_RETURN_TYPE = YES_ERROR;
				GCC_WARN_UNDECLARED_SELECTOR = YES;
				GCC_WARN_UNINITIALIZED_AUTOS = YES_AGGRESSIVE;
				GCC_WARN_UNUSED_FUNCTION = YES;
				GCC_WARN_UNUSED_VARIABLE = YES;
				IPHONEOS_DEPLOYMENT_TARGET = 15.0;
				MTL_ENABLE_DEBUG_INFO = NO;
				MTL_FAST_MATH = YES;
				SDKROOT = iphoneos;
				SWIFT_COMPILATION_MODE = wholemodule;
				SWIFT_OPTIMIZATION_LEVEL = "-O";
				VALIDATE_PRODUCT = YES;
			};
			name = Release;
		};
		4E7308EF27AA6E06009C4943 /* Debug */ = {
			isa = XCBuildConfiguration;
			baseConfigurationReference = 3AE563EBCD471BFBCFB673DC /* Pods-Weather app.debug.xcconfig */;
			buildSettings = {
				ASSETCATALOG_COMPILER_APPICON_NAME = AppIcon;
				ASSETCATALOG_COMPILER_GLOBAL_ACCENT_COLOR_NAME = AccentColor;
				CODE_SIGN_IDENTITY = "Apple Development";
				CODE_SIGN_STYLE = Automatic;
				CURRENT_PROJECT_VERSION = 1;
				DEVELOPMENT_TEAM = 99FHHVY5LH;
				GENERATE_INFOPLIST_FILE = YES;
				INFOPLIST_FILE = "Weather app/Info.plist";
				INFOPLIST_KEY_UIApplicationSupportsIndirectInputEvents = YES;
				INFOPLIST_KEY_UILaunchStoryboardName = LaunchScreen;
				INFOPLIST_KEY_UIMainStoryboardFile = Main;
				INFOPLIST_KEY_UISupportedInterfaceOrientations_iPad = "UIInterfaceOrientationPortrait UIInterfaceOrientationPortraitUpsideDown UIInterfaceOrientationLandscapeLeft UIInterfaceOrientationLandscapeRight";
				INFOPLIST_KEY_UISupportedInterfaceOrientations_iPhone = "UIInterfaceOrientationPortrait UIInterfaceOrientationLandscapeLeft UIInterfaceOrientationLandscapeRight";
				LD_RUNPATH_SEARCH_PATHS = (
					"$(inherited)",
					"@executable_path/Frameworks",
				);
				MARKETING_VERSION = 1.0;
				PRODUCT_BUNDLE_IDENTIFIER = "co.lagat.Weather-app";
				PRODUCT_NAME = "$(TARGET_NAME)";
				PROVISIONING_PROFILE_SPECIFIER = "";
				SWIFT_EMIT_LOC_STRINGS = YES;
				SWIFT_VERSION = 5.0;
				TARGETED_DEVICE_FAMILY = "1,2";
			};
			name = Debug;
		};
		4E7308F027AA6E06009C4943 /* Release */ = {
			isa = XCBuildConfiguration;
			baseConfigurationReference = E28C5F82C9D6F1904D3C628F /* Pods-Weather app.release.xcconfig */;
			buildSettings = {
				ASSETCATALOG_COMPILER_APPICON_NAME = AppIcon;
				ASSETCATALOG_COMPILER_GLOBAL_ACCENT_COLOR_NAME = AccentColor;
				CODE_SIGN_IDENTITY = "Apple Development";
				CODE_SIGN_STYLE = Automatic;
				CURRENT_PROJECT_VERSION = 1;
				DEVELOPMENT_TEAM = 99FHHVY5LH;
				GENERATE_INFOPLIST_FILE = YES;
				INFOPLIST_FILE = "Weather app/Info.plist";
				INFOPLIST_KEY_UIApplicationSupportsIndirectInputEvents = YES;
				INFOPLIST_KEY_UILaunchStoryboardName = LaunchScreen;
				INFOPLIST_KEY_UIMainStoryboardFile = Main;
				INFOPLIST_KEY_UISupportedInterfaceOrientations_iPad = "UIInterfaceOrientationPortrait UIInterfaceOrientationPortraitUpsideDown UIInterfaceOrientationLandscapeLeft UIInterfaceOrientationLandscapeRight";
				INFOPLIST_KEY_UISupportedInterfaceOrientations_iPhone = "UIInterfaceOrientationPortrait UIInterfaceOrientationLandscapeLeft UIInterfaceOrientationLandscapeRight";
				LD_RUNPATH_SEARCH_PATHS = (
					"$(inherited)",
					"@executable_path/Frameworks",
				);
				MARKETING_VERSION = 1.0;
				PRODUCT_BUNDLE_IDENTIFIER = "co.lagat.Weather-app";
				PRODUCT_NAME = "$(TARGET_NAME)";
				PROVISIONING_PROFILE_SPECIFIER = "";
				SWIFT_EMIT_LOC_STRINGS = YES;
				SWIFT_VERSION = 5.0;
				TARGETED_DEVICE_FAMILY = "1,2";
			};
			name = Release;
		};
		4E7308F227AA6E06009C4943 /* Debug */ = {
			isa = XCBuildConfiguration;
			baseConfigurationReference = 057FC61DAEB1992CC299312E /* Pods-Weather appTests.debug.xcconfig */;
			buildSettings = {
				ALWAYS_EMBED_SWIFT_STANDARD_LIBRARIES = YES;
				BUNDLE_LOADER = "$(TEST_HOST)";
				CODE_SIGN_STYLE = Automatic;
				CURRENT_PROJECT_VERSION = 1;
				DEVELOPMENT_TEAM = 99FHHVY5LH;
				GENERATE_INFOPLIST_FILE = YES;
				IPHONEOS_DEPLOYMENT_TARGET = 15.0;
				LD_RUNPATH_SEARCH_PATHS = (
					"$(inherited)",
					"@executable_path/Frameworks",
					"@loader_path/Frameworks",
				);
				MARKETING_VERSION = 1.0;
				PRODUCT_BUNDLE_IDENTIFIER = "co.lagat.Weather-appTests";
				PRODUCT_NAME = "$(TARGET_NAME)";
				SWIFT_EMIT_LOC_STRINGS = NO;
				SWIFT_VERSION = 5.0;
				TARGETED_DEVICE_FAMILY = "1,2";
				TEST_HOST = "$(BUILT_PRODUCTS_DIR)/Weather app.app/Weather app";
			};
			name = Debug;
		};
		4E7308F327AA6E06009C4943 /* Release */ = {
			isa = XCBuildConfiguration;
			baseConfigurationReference = 9C46A54A2C63F515409BD887 /* Pods-Weather appTests.release.xcconfig */;
			buildSettings = {
				ALWAYS_EMBED_SWIFT_STANDARD_LIBRARIES = YES;
				BUNDLE_LOADER = "$(TEST_HOST)";
				CODE_SIGN_STYLE = Automatic;
				CURRENT_PROJECT_VERSION = 1;
				DEVELOPMENT_TEAM = 99FHHVY5LH;
				GENERATE_INFOPLIST_FILE = YES;
				IPHONEOS_DEPLOYMENT_TARGET = 15.0;
				LD_RUNPATH_SEARCH_PATHS = (
					"$(inherited)",
					"@executable_path/Frameworks",
					"@loader_path/Frameworks",
				);
				MARKETING_VERSION = 1.0;
				PRODUCT_BUNDLE_IDENTIFIER = "co.lagat.Weather-appTests";
				PRODUCT_NAME = "$(TARGET_NAME)";
				SWIFT_EMIT_LOC_STRINGS = NO;
				SWIFT_VERSION = 5.0;
				TARGETED_DEVICE_FAMILY = "1,2";
				TEST_HOST = "$(BUILT_PRODUCTS_DIR)/Weather app.app/Weather app";
			};
			name = Release;
		};
		4E7308F527AA6E06009C4943 /* Debug */ = {
			isa = XCBuildConfiguration;
			baseConfigurationReference = 282A29A4AAB9382B38AE8E84 /* Pods-Weather app-Weather appUITests.debug.xcconfig */;
			buildSettings = {
				ALWAYS_EMBED_SWIFT_STANDARD_LIBRARIES = YES;
				CODE_SIGN_STYLE = Automatic;
				CURRENT_PROJECT_VERSION = 1;
				DEVELOPMENT_TEAM = 99FHHVY5LH;
				GENERATE_INFOPLIST_FILE = YES;
				LD_RUNPATH_SEARCH_PATHS = (
					"$(inherited)",
					"@executable_path/Frameworks",
					"@loader_path/Frameworks",
				);
				MARKETING_VERSION = 1.0;
				PRODUCT_BUNDLE_IDENTIFIER = "co.lagat.Weather-appUITests";
				PRODUCT_NAME = "$(TARGET_NAME)";
				SWIFT_EMIT_LOC_STRINGS = NO;
				SWIFT_VERSION = 5.0;
				TARGETED_DEVICE_FAMILY = "1,2";
				TEST_TARGET_NAME = "Weather app";
			};
			name = Debug;
		};
		4E7308F627AA6E06009C4943 /* Release */ = {
			isa = XCBuildConfiguration;
			baseConfigurationReference = 8E6AAC7C7DED20382DED18A4 /* Pods-Weather app-Weather appUITests.release.xcconfig */;
			buildSettings = {
				ALWAYS_EMBED_SWIFT_STANDARD_LIBRARIES = YES;
				CODE_SIGN_STYLE = Automatic;
				CURRENT_PROJECT_VERSION = 1;
				DEVELOPMENT_TEAM = 99FHHVY5LH;
				GENERATE_INFOPLIST_FILE = YES;
				LD_RUNPATH_SEARCH_PATHS = (
					"$(inherited)",
					"@executable_path/Frameworks",
					"@loader_path/Frameworks",
				);
				MARKETING_VERSION = 1.0;
				PRODUCT_BUNDLE_IDENTIFIER = "co.lagat.Weather-appUITests";
				PRODUCT_NAME = "$(TARGET_NAME)";
				SWIFT_EMIT_LOC_STRINGS = NO;
				SWIFT_VERSION = 5.0;
				TARGETED_DEVICE_FAMILY = "1,2";
				TEST_TARGET_NAME = "Weather app";
			};
			name = Release;
		};
/* End XCBuildConfiguration section */

/* Begin XCConfigurationList section */
		4E7308BF27AA6E04009C4943 /* Build configuration list for PBXProject "Weather app" */ = {
			isa = XCConfigurationList;
			buildConfigurations = (
				4E7308EC27AA6E06009C4943 /* Debug */,
				4E7308ED27AA6E06009C4943 /* Release */,
			);
			defaultConfigurationIsVisible = 0;
			defaultConfigurationName = Release;
		};
		4E7308EE27AA6E06009C4943 /* Build configuration list for PBXNativeTarget "Weather app" */ = {
			isa = XCConfigurationList;
			buildConfigurations = (
				4E7308EF27AA6E06009C4943 /* Debug */,
				4E7308F027AA6E06009C4943 /* Release */,
			);
			defaultConfigurationIsVisible = 0;
			defaultConfigurationName = Release;
		};
		4E7308F127AA6E06009C4943 /* Build configuration list for PBXNativeTarget "Weather appTests" */ = {
			isa = XCConfigurationList;
			buildConfigurations = (
				4E7308F227AA6E06009C4943 /* Debug */,
				4E7308F327AA6E06009C4943 /* Release */,
			);
			defaultConfigurationIsVisible = 0;
			defaultConfigurationName = Release;
		};
		4E7308F427AA6E06009C4943 /* Build configuration list for PBXNativeTarget "Weather appUITests" */ = {
			isa = XCConfigurationList;
			buildConfigurations = (
				4E7308F527AA6E06009C4943 /* Debug */,
				4E7308F627AA6E06009C4943 /* Release */,
			);
			defaultConfigurationIsVisible = 0;
			defaultConfigurationName = Release;
		};
/* End XCConfigurationList section */

/* Begin XCVersionGroup section */
		4ED2B4F727AFDC80000BC939 /* CoreWeather.xcdatamodeld */ = {
			isa = XCVersionGroup;
			children = (
				4ED2B4F827AFDC80000BC939 /* CoreWeather.xcdatamodel */,
			);
			currentVersion = 4ED2B4F827AFDC80000BC939 /* CoreWeather.xcdatamodel */;
			path = CoreWeather.xcdatamodeld;
			sourceTree = "<group>";
			versionGroupType = wrapper.xcdatamodel;
		};
/* End XCVersionGroup section */
	};
	rootObject = 4E7308BC27AA6E04009C4943 /* Project object */;
}
